
Microsoft Visual Studio Solution File, Format Version 12.00
# Visual Studio Version 17
VisualStudioVersion = 17.0.32112.339
MinimumVisualStudioVersion = 10.0.40219.1
Project("{FAE04EC0-301F-11D3-BF4B-00C04F79EFBC}") = "Surveyapi", "Surveyapi\Surveyapi.csproj", "{F94440A1-D56D-4B8C-BD5C-8DE634DCAB91}"
EndProject
Global
	GlobalSection(SolutionConfigurationPlatforms) = preSolution
		Debug|Any CPU = Debug|Any CPU
		Release|Any CPU = Release|Any CPU
	EndGlobalSection
	GlobalSection(ProjectConfigurationPlatforms) = postSolution
		{F94440A1-D56D-4B8C-BD5C-8DE634DCAB91}.Debug|Any CPU.ActiveCfg = Debug|Any CPU
		{F94440A1-D56D-4B8C-BD5C-8DE634DCAB91}.Debug|Any CPU.Build.0 = Debug|Any CPU
		{F94440A1-D56D-4B8C-BD5C-8DE634DCAB91}.Release|Any CPU.ActiveCfg = Release|Any CPU
		{F94440A1-D56D-4B8C-BD5C-8DE634DCAB91}.Release|Any CPU.Build.0 = Release|Any CPU
	EndGlobalSection
	GlobalSection(SolutionProperties) = preSolution
		HideSolutionNode = FALSE
	EndGlobalSection
	GlobalSection(ExtensibilityGlobals) = postSolution
		SolutionGuid = {EA95C462-D75D-45E2-B960-1860AA2FCEFF}
	EndGlobalSection
EndGlobal
